// !$*UTF8*$!
{
	archiveVersion = 1;
	classes = {
	};
	objectVersion = 46;
	objects = {

/* Begin PBXBuildFile section */
		A8099A141A5BD97A003E46F6 /* main.m in Sources */ = {isa = PBXBuildFile; fileRef = A8099A131A5BD97A003E46F6 /* main.m */; };
		A8099A171A5BD97A003E46F6 /* AppDelegate.m in Sources */ = {isa = PBXBuildFile; fileRef = A8099A161A5BD97A003E46F6 /* AppDelegate.m */; };
		A8099A1A1A5BD97A003E46F6 /* ViewController.m in Sources */ = {isa = PBXBuildFile; fileRef = A8099A191A5BD97A003E46F6 /* ViewController.m */; };
		A8099A1D1A5BD97A003E46F6 /* Main.storyboard in Resources */ = {isa = PBXBuildFile; fileRef = A8099A1B1A5BD97A003E46F6 /* Main.storyboard */; };
		A8099A1F1A5BD97B003E46F6 /* Images.xcassets in Resources */ = {isa = PBXBuildFile; fileRef = A8099A1E1A5BD97B003E46F6 /* Images.xcassets */; };
		A8099A221A5BD97B003E46F6 /* LaunchScreen.xib in Resources */ = {isa = PBXBuildFile; fileRef = A8099A201A5BD97B003E46F6 /* LaunchScreen.xib */; };
		A8099A2E1A5BD97B003E46F6 /* git_demoTests.m in Sources */ = {isa = PBXBuildFile; fileRef = A8099A2D1A5BD97B003E46F6 /* git_demoTests.m */; };
		A8846DC81A724E47002B16D6 /* AccItem.m in Sources */ = {isa = PBXBuildFile; fileRef = A8846DC71A724E47002B16D6 /* AccItem.m */; };
		A89DB8911A63C9A300552AD2 /* Triangle.m in Sources */ = {isa = PBXBuildFile; fileRef = A89DB8901A63C9A300552AD2 /* Triangle.m */; };
		A89DB8941A63C9B600552AD2 /* Square.m in Sources */ = {isa = PBXBuildFile; fileRef = A89DB8931A63C9B600552AD2 /* Square.m */; };
/* End PBXBuildFile section */

/* Begin PBXContainerItemProxy section */
		A8099A281A5BD97B003E46F6 /* PBXContainerItemProxy */ = {
			isa = PBXContainerItemProxy;
			containerPortal = A8099A061A5BD97A003E46F6 /* Project object */;
			proxyType = 1;
			remoteGlobalIDString = A8099A0D1A5BD97A003E46F6;
			remoteInfo = git_demo;
		};
/* End PBXContainerItemProxy section */

/* Begin PBXFileReference section */
		A8099A0E1A5BD97A003E46F6 /* git_demo.app */ = {isa = PBXFileReference; explicitFileType = wrapper.application; includeInIndex = 0; path = git_demo.app; sourceTree = BUILT_PRODUCTS_DIR; };
		A8099A121A5BD97A003E46F6 /* Info.plist */ = {isa = PBXFileReference; lastKnownFileType = text.plist.xml; path = Info.plist; sourceTree = "<group>"; };
		A8099A131A5BD97A003E46F6 /* main.m */ = {isa = PBXFileReference; lastKnownFileType = sourcecode.c.objc; path = main.m; sourceTree = "<group>"; };
		A8099A151A5BD97A003E46F6 /* AppDelegate.h */ = {isa = PBXFileReference; lastKnownFileType = sourcecode.c.h; path = AppDelegate.h; sourceTree = "<group>"; };
		A8099A161A5BD97A003E46F6 /* AppDelegate.m */ = {isa = PBXFileReference; lastKnownFileType = sourcecode.c.objc; path = AppDelegate.m; sourceTree = "<group>"; };
		A8099A181A5BD97A003E46F6 /* ViewController.h */ = {isa = PBXFileReference; lastKnownFileType = sourcecode.c.h; path = ViewController.h; sourceTree = "<group>"; };
		A8099A191A5BD97A003E46F6 /* ViewController.m */ = {isa = PBXFileReference; lastKnownFileType = sourcecode.c.objc; path = ViewController.m; sourceTree = "<group>"; };
		A8099A1C1A5BD97A003E46F6 /* Base */ = {isa = PBXFileReference; lastKnownFileType = file.storyboard; name = Base; path = Base.lproj/Main.storyboard; sourceTree = "<group>"; };
		A8099A1E1A5BD97B003E46F6 /* Images.xcassets */ = {isa = PBXFileReference; lastKnownFileType = folder.assetcatalog; path = Images.xcassets; sourceTree = "<group>"; };
		A8099A211A5BD97B003E46F6 /* Base */ = {isa = PBXFileReference; lastKnownFileType = file.xib; name = Base; path = Base.lproj/LaunchScreen.xib; sourceTree = "<group>"; };
		A8099A271A5BD97B003E46F6 /* git_demoTests.xctest */ = {isa = PBXFileReference; explicitFileType = wrapper.cfbundle; includeInIndex = 0; path = git_demoTests.xctest; sourceTree = BUILT_PRODUCTS_DIR; };
		A8099A2C1A5BD97B003E46F6 /* Info.plist */ = {isa = PBXFileReference; lastKnownFileType = text.plist.xml; path = Info.plist; sourceTree = "<group>"; };
		A8099A2D1A5BD97B003E46F6 /* git_demoTests.m */ = {isa = PBXFileReference; lastKnownFileType = sourcecode.c.objc; path = git_demoTests.m; sourceTree = "<group>"; };
		A8846DC61A724E47002B16D6 /* AccItem.h */ = {isa = PBXFileReference; fileEncoding = 4; lastKnownFileType = sourcecode.c.h; path = AccItem.h; sourceTree = "<group>"; };
		A8846DC71A724E47002B16D6 /* AccItem.m */ = {isa = PBXFileReference; fileEncoding = 4; lastKnownFileType = sourcecode.c.objc; path = AccItem.m; sourceTree = "<group>"; };
		A89DB88F1A63C9A300552AD2 /* Triangle.h */ = {isa = PBXFileReference; fileEncoding = 4; lastKnownFileType = sourcecode.c.h; path = Triangle.h; sourceTree = "<group>"; };
		A89DB8901A63C9A300552AD2 /* Triangle.m */ = {isa = PBXFileReference; fileEncoding = 4; lastKnownFileType = sourcecode.c.objc; path = Triangle.m; sourceTree = "<group>"; };
		A89DB8921A63C9B600552AD2 /* Square.h */ = {isa = PBXFileReference; fileEncoding = 4; lastKnownFileType = sourcecode.c.h; path = Square.h; sourceTree = "<group>"; };
		A89DB8931A63C9B600552AD2 /* Square.m */ = {isa = PBXFileReference; fileEncoding = 4; lastKnownFileType = sourcecode.c.objc; path = Square.m; sourceTree = "<group>"; };
/* End PBXFileReference section */

/* Begin PBXFrameworksBuildPhase section */
		A8099A0B1A5BD97A003E46F6 /* Frameworks */ = {
			isa = PBXFrameworksBuildPhase;
			buildActionMask = 2147483647;
			files = (
			);
			runOnlyForDeploymentPostprocessing = 0;
		};
		A8099A241A5BD97B003E46F6 /* Frameworks */ = {
			isa = PBXFrameworksBuildPhase;
			buildActionMask = 2147483647;
			files = (
			);
			runOnlyForDeploymentPostprocessing = 0;
		};
/* End PBXFrameworksBuildPhase section */

/* Begin PBXGroup section */
		A8099A051A5BD97A003E46F6 = {
			isa = PBXGroup;
			children = (
				A8846DC61A724E47002B16D6 /* AccItem.h */,
				A8846DC71A724E47002B16D6 /* AccItem.m */,
				A8846DC91A724E50002B16D6 /* create protocol here (later) */,
				A8099A101A5BD97A003E46F6 /* git_demo */,
				A8099A2A1A5BD97B003E46F6 /* git_demoTests */,
				A8099A0F1A5BD97A003E46F6 /* Products */,
			);
			sourceTree = "<group>";
		};
		A8099A0F1A5BD97A003E46F6 /* Products */ = {
			isa = PBXGroup;
			children = (
				A8099A0E1A5BD97A003E46F6 /* git_demo.app */,
				A8099A271A5BD97B003E46F6 /* git_demoTests.xctest */,
			);
			name = Products;
			sourceTree = "<group>";
		};
		A8099A101A5BD97A003E46F6 /* git_demo */ = {
			isa = PBXGroup;
			children = (
				A8099A151A5BD97A003E46F6 /* AppDelegate.h */,
				A8099A161A5BD97A003E46F6 /* AppDelegate.m */,
				A8099A181A5BD97A003E46F6 /* ViewController.h */,
				A8099A191A5BD97A003E46F6 /* ViewController.m */,
				A8099A1B1A5BD97A003E46F6 /* Main.storyboard */,
				A8099A1E1A5BD97B003E46F6 /* Images.xcassets */,
				A8099A201A5BD97B003E46F6 /* LaunchScreen.xib */,
				A8099A111A5BD97A003E46F6 /* Supporting Files */,
			);
			path = git_demo;
			sourceTree = "<group>";
		};
		A8099A111A5BD97A003E46F6 /* Supporting Files */ = {
			isa = PBXGroup;
			children = (
				A8099A121A5BD97A003E46F6 /* Info.plist */,
				A8099A131A5BD97A003E46F6 /* main.m */,
			);
			name = "Supporting Files";
			sourceTree = "<group>";
		};
		A8099A2A1A5BD97B003E46F6 /* git_demoTests */ = {
			isa = PBXGroup;
			children = (
				A8099A2D1A5BD97B003E46F6 /* git_demoTests.m */,
				A8099A2B1A5BD97B003E46F6 /* Supporting Files */,
			);
			path = git_demoTests;
			sourceTree = "<group>";
		};
		A8099A2B1A5BD97B003E46F6 /* Supporting Files */ = {
			isa = PBXGroup;
			children = (
				A8099A2C1A5BD97B003E46F6 /* Info.plist */,
			);
			name = "Supporting Files";
			sourceTree = "<group>";
		};
		A8846DC91A724E50002B16D6 /* create protocol here (later) */ = {
			isa = PBXGroup;
			children = (
				A89DB88F1A63C9A300552AD2 /* Triangle.h */,
				A89DB8901A63C9A300552AD2 /* Triangle.m */,
				A89DB8921A63C9B600552AD2 /* Square.h */,
				A89DB8931A63C9B600552AD2 /* Square.m */,
			);
			name = "create protocol here (later)";
			sourceTree = "<group>";
		};
/* End PBXGroup section */

/* Begin PBXNativeTarget section */
		A8099A0D1A5BD97A003E46F6 /* git_demo */ = {
			isa = PBXNativeTarget;
			buildConfigurationList = A8099A311A5BD97B003E46F6 /* Build configuration list for PBXNativeTarget "git_demo" */;
			buildPhases = (
				A8099A0A1A5BD97A003E46F6 /* Sources */,
				A8099A0B1A5BD97A003E46F6 /* Frameworks */,
				A8099A0C1A5BD97A003E46F6 /* Resources */,
			);
			buildRules = (
			);
			dependencies = (
			);
			name = git_demo;
			productName = git_demo;
			productReference = A8099A0E1A5BD97A003E46F6 /* git_demo.app */;
			productType = "com.apple.product-type.application";
		};
		A8099A261A5BD97B003E46F6 /* git_demoTests */ = {
			isa = PBXNativeTarget;
			buildConfigurationList = A8099A341A5BD97B003E46F6 /* Build configuration list for PBXNativeTarget "git_demoTests" */;
			buildPhases = (
				A8099A231A5BD97B003E46F6 /* Sources */,
				A8099A241A5BD97B003E46F6 /* Frameworks */,
				A8099A251A5BD97B003E46F6 /* Resources */,
			);
			buildRules = (
			);
			dependencies = (
				A8099A291A5BD97B003E46F6 /* PBXTargetDependency */,
			);
			name = git_demoTests;
			productName = git_demoTests;
			productReference = A8099A271A5BD97B003E46F6 /* git_demoTests.xctest */;
			productType = "com.apple.product-type.bundle.unit-test";
		};
/* End PBXNativeTarget section */

/* Begin PBXProject section */
		A8099A061A5BD97A003E46F6 /* Project object */ = {
			isa = PBXProject;
			attributes = {
				LastUpgradeCheck = 0610;
				ORGANIZATIONNAME = EdgarYanichev;
				TargetAttributes = {
					A8099A0D1A5BD97A003E46F6 = {
						CreatedOnToolsVersion = 6.1.1;
					};
					A8099A261A5BD97B003E46F6 = {
						CreatedOnToolsVersion = 6.1.1;
						TestTargetID = A8099A0D1A5BD97A003E46F6;
					};
				};
			};
			buildConfigurationList = A8099A091A5BD97A003E46F6 /* Build configuration list for PBXProject "git_demo" */;
			compatibilityVersion = "Xcode 3.2";
			developmentRegion = English;
			hasScannedForEncodings = 0;
			knownRegions = (
				en,
				Base,
			);
			mainGroup = A8099A051A5BD97A003E46F6;
			productRefGroup = A8099A0F1A5BD97A003E46F6 /* Products */;
			projectDirPath = "";
			projectRoot = "";
			targets = (
				A8099A0D1A5BD97A003E46F6 /* git_demo */,
				A8099A261A5BD97B003E46F6 /* git_demoTests */,
			);
		};
/* End PBXProject section */

/* Begin PBXResourcesBuildPhase section */
		A8099A0C1A5BD97A003E46F6 /* Resources */ = {
			isa = PBXResourcesBuildPhase;
			buildActionMask = 2147483647;
			files = (
				A8099A1D1A5BD97A003E46F6 /* Main.storyboard in Resources */,
				A8099A221A5BD97B003E46F6 /* LaunchScreen.xib in Resources */,
				A8099A1F1A5BD97B003E46F6 /* Images.xcassets in Resources */,
			);
			runOnlyForDeploymentPostprocessing = 0;
		};
		A8099A251A5BD97B003E46F6 /* Resources */ = {
			isa = PBXResourcesBuildPhase;
			buildActionMask = 2147483647;
			files = (
			);
			runOnlyForDeploymentPostprocessing = 0;
		};
/* End PBXResourcesBuildPhase section */

/* Begin PBXSourcesBuildPhase section */
		A8099A0A1A5BD97A003E46F6 /* Sources */ = {
			isa = PBXSourcesBuildPhase;
			buildActionMask = 2147483647;
			files = (
				A8846DC81A724E47002B16D6 /* AccItem.m in Sources */,
				A8099A1A1A5BD97A003E46F6 /* ViewController.m in Sources */,
				A8099A171A5BD97A003E46F6 /* AppDelegate.m in Sources */,
				A8099A141A5BD97A003E46F6 /* main.m in Sources */,
				A89DB8941A63C9B600552AD2 /* Square.m in Sources */,
				A89DB8911A63C9A300552AD2 /* Triangle.m in Sources */,
			);
			runOnlyForDeploymentPostprocessing = 0;
		};
		A8099A231A5BD97B003E46F6 /* Sources */ = {
			isa = PBXSourcesBuildPhase;
			buildActionMask = 2147483647;
			files = (
				A8099A2E1A5BD97B003E46F6 /* git_demoTests.m in Sources */,
			);
			runOnlyForDeploymentPostprocessing = 0;
		};
/* End PBXSourcesBuildPhase section */

/* Begin PBXTargetDependency section */
		A8099A291A5BD97B003E46F6 /* PBXTargetDependency */ = {
			isa = PBXTargetDependency;
			target = A8099A0D1A5BD97A003E46F6 /* git_demo */;
			targetProxy = A8099A281A5BD97B003E46F6 /* PBXContainerItemProxy */;
		};
/* End PBXTargetDependency section */

/* Begin PBXVariantGroup section */
		A8099A1B1A5BD97A003E46F6 /* Main.storyboard */ = {
			isa = PBXVariantGroup;
			children = (
				A8099A1C1A5BD97A003E46F6 /* Base */,
			);
			name = Main.storyboard;
			sourceTree = "<group>";
		};
		A8099A201A5BD97B003E46F6 /* LaunchScreen.xib */ = {
			isa = PBXVariantGroup;
			children = (
				A8099A211A5BD97B003E46F6 /* Base */,
			);
			name = LaunchScreen.xib;
			sourceTree = "<group>";
		};
/* End PBXVariantGroup section */

/* Begin XCBuildConfiguration section */
		A8099A2F1A5BD97B003E46F6 /* Debug */ = {
			isa = XCBuildConfiguration;
			buildSettings = {
				ALWAYS_SEARCH_USER_PATHS = NO;
				CLANG_CXX_LANGUAGE_STANDARD = "gnu++0x";
				CLANG_CXX_LIBRARY = "libc++";
				CLANG_ENABLE_MODULES = YES;
				CLANG_ENABLE_OBJC_ARC = YES;
				CLANG_WARN_BOOL_CONVERSION = YES;
				CLANG_WARN_CONSTANT_CONVERSION = YES;
				CLANG_WARN_DIRECT_OBJC_ISA_USAGE = YES_ERROR;
				CLANG_WARN_EMPTY_BODY = YES;
				CLANG_WARN_ENUM_CONVERSION = YES;
				CLANG_WARN_INT_CONVERSION = YES;
				CLANG_WARN_OBJC_ROOT_CLASS = YES_ERROR;
				CLANG_WARN_UNREACHABLE_CODE = YES;
				CLANG_WARN__DUPLICATE_METHOD_MATCH = YES;
				"CODE_SIGN_IDENTITY[sdk=iphoneos*]" = "iPhone Developer";
				COPY_PHASE_STRIP = NO;
				ENABLE_STRICT_OBJC_MSGSEND = YES;
				GCC_C_LANGUAGE_STANDARD = gnu99;
				GCC_DYNAMIC_NO_PIC = NO;
				GCC_OPTIMIZATION_LEVEL = 0;
				GCC_PREPROCESSOR_DEFINITIONS = (
					"DEBUG=1",
					"$(inherited)",
				);
				GCC_SYMBOLS_PRIVATE_EXTERN = NO;
				GCC_WARN_64_TO_32_BIT_CONVERSION = YES;
				GCC_WARN_ABOUT_RETURN_TYPE = YES_ERROR;
				GCC_WARN_UNDECLARED_SELECTOR = YES;
				GCC_WARN_UNINITIALIZED_AUTOS = YES_AGGRESSIVE;
				GCC_WARN_UNUSED_FUNCTION = YES;
				GCC_WARN_UNUSED_VARIABLE = YES;
				IPHONEOS_DEPLOYMENT_TARGET = 8.1;
				MTL_ENABLE_DEBUG_INFO = YES;
				ONLY_ACTIVE_ARCH = YES;
				SDKROOT = iphoneos;
				TARGETED_DEVICE_FAMILY = "1,2";
			};
			name = Debug;
		};
		A8099A301A5BD97B003E46F6 /* Release */ = {
			isa = XCBuildConfiguration;
			buildSettings = {
				ALWAYS_SEARCH_USER_PATHS = NO;
				CLANG_CXX_LANGUAGE_STANDARD = "gnu++0x";
				CLANG_CXX_LIBRARY = "libc++";
				CLANG_ENABLE_MODULES = YES;
				CLANG_ENABLE_OBJC_ARC = YES;
				CLANG_WARN_BOOL_CONVERSION = YES;
				CLANG_WARN_CONSTANT_CONVERSION = YES;
				CLANG_WARN_DIRECT_OBJC_ISA_USAGE = YES_ERROR;
				CLANG_WARN_EMPTY_BODY = YES;
				CLANG_WARN_ENUM_CONVERSION = YES;
				CLANG_WARN_INT_CONVERSION = YES;
				CLANG_WARN_OBJC_ROOT_CLASS = YES_ERROR;
				CLANG_WARN_UNREACHABLE_CODE = YES;
				CLANG_WARN__DUPLICATE_METHOD_MATCH = YES;
				"CODE_SIGN_IDENTITY[sdk=iphoneos*]" = "iPhone Developer";
				COPY_PHASE_STRIP = YES;
				ENABLE_NS_ASSERTIONS = NO;
				ENABLE_STRICT_OBJC_MSGSEND = YES;
				GCC_C_LANGUAGE_STANDARD = gnu99;
				GCC_WARN_64_TO_32_BIT_CONVERSION = YES;
				GCC_WARN_ABOUT_RETURN_TYPE = YES_ERROR;
				GCC_WARN_UNDECLARED_SELECTOR = YES;
				GCC_WARN_UNINITIALIZED_AUTOS = YES_AGGRESSIVE;
				GCC_WARN_UNUSED_FUNCTION = YES;
				GCC_WARN_UNUSED_VARIABLE = YES;
				IPHONEOS_DEPLOYMENT_TARGET = 8.1;
				MTL_ENABLE_DEBUG_INFO = NO;
				SDKROOT = iphoneos;
				TARGETED_DEVICE_FAMILY = "1,2";
				VALIDATE_PRODUCT = YES;
			};
			name = Release;
		};
		A8099A321A5BD97B003E46F6 /* Debug */ = {
			isa = XCBuildConfiguration;
			buildSettings = {
				ASSETCATALOG_COMPILER_APPICON_NAME = AppIcon;
				INFOPLIST_FILE = git_demo/Info.plist;
				LD_RUNPATH_SEARCH_PATHS = "$(inherited) @executable_path/Frameworks";
				PRODUCT_NAME = "$(TARGET_NAME)";
			};
			name = Debug;
		};
		A8099A331A5BD97B003E46F6 /* Release */ = {
			isa = XCBuildConfiguration;
			buildSettings = {
				ASSETCATALOG_COMPILER_APPICON_NAME = AppIcon;
				INFOPLIST_FILE = git_demo/Info.plist;
				LD_RUNPATH_SEARCH_PATHS = "$(inherited) @executable_path/Frameworks";
				PRODUCT_NAME = "$(TARGET_NAME)";
			};
			name = Release;
		};
		A8099A351A5BD97B003E46F6 /* Debug */ = {
			isa = XCBuildConfiguration;
			buildSettings = {
				BUNDLE_LOADER = "$(TEST_HOST)";
				FRAMEWORK_SEARCH_PATHS = (
					"$(SDKROOT)/Developer/Library/Frameworks",
					"$(inherited)",
				);
				GCC_PREPROCESSOR_DEFINITIONS = (
					"DEBUG=1",
					"$(inherited)",
				);
				INFOPLIST_FILE = git_demoTests/Info.plist;
				LD_RUNPATH_SEARCH_PATHS = "$(inherited) @executable_path/Frameworks @loader_path/Frameworks";
				PRODUCT_NAME = "$(TARGET_NAME)";
				TEST_HOST = "$(BUILT_PRODUCTS_DIR)/git_demo.app/git_demo";
			};
			name = Debug;
		};
		A8099A361A5BD97B003E46F6 /* Release */ = {
			isa = XCBuildConfiguration;
			buildSettings = {
				BUNDLE_LOADER = "$(TEST_HOST)";
				FRAMEWORK_SEARCH_PATHS = (
					"$(SDKROOT)/Developer/Library/Frameworks",
					"$(inherited)",
				);
				INFOPLIST_FILE = git_demoTests/Info.plist;
				LD_RUNPATH_SEARCH_PATHS = "$(inherited) @executable_path/Frameworks @loader_path/Frameworks";
				PRODUCT_NAME = "$(TARGET_NAME)";
				TEST_HOST = "$(BUILT_PRODUCTS_DIR)/git_demo.app/git_demo";
			};
			name = Release;
		};
/* End XCBuildConfiguration section */

/* Begin XCConfigurationList section */
		A8099A091A5BD97A003E46F6 /* Build configuration list for PBXProject "git_demo" */ = {
			isa = XCConfigurationList;
			buildConfigurations = (
				A8099A2F1A5BD97B003E46F6 /* Debug */,
				A8099A301A5BD97B003E46F6 /* Release */,
			);
			defaultConfigurationIsVisible = 0;
			defaultConfigurationName = Release;
		};
		A8099A311A5BD97B003E46F6 /* Build configuration list for PBXNativeTarget "git_demo" */ = {
			isa = XCConfigurationList;
			buildConfigurations = (
				A8099A321A5BD97B003E46F6 /* Debug */,
				A8099A331A5BD97B003E46F6 /* Release */,
			);
			defaultConfigurationIsVisible = 0;
			defaultConfigurationName = Release;
		};
		A8099A341A5BD97B003E46F6 /* Build configuration list for PBXNativeTarget "git_demoTests" */ = {
			isa = XCConfigurationList;
			buildConfigurations = (
				A8099A351A5BD97B003E46F6 /* Debug */,
				A8099A361A5BD97B003E46F6 /* Release */,
			);
			defaultConfigurationIsVisible = 0;
			defaultConfigurationName = Release;
		};
/* End XCConfigurationList section */
	};
	rootObject = A8099A061A5BD97A003E46F6 /* Project object */;
}
